
Microsoft Visual Studio Solution File, Format Version 12.00
# Visual Studio 2012
Project("{FAE04EC0-301F-11D3-BF4B-00C04F79EFBC}") = "Neilvyn", "Neilvyn\Neilvyn.csproj", "{5AEEDD24-1739-4C8F-A99F-B66B9E0114A1}"
EndProject
Project("{FAE04EC0-301F-11D3-BF4B-00C04F79EFBC}") = "Neilvyn.iOS", "iOS\Neilvyn.iOS.csproj", "{3318BEA0-F920-411F-AF54-334AA7531B0F}"
EndProject
Project("{FAE04EC0-301F-11D3-BF4B-00C04F79EFBC}") = "Neilvyn.Droid", "Droid\Neilvyn.Droid.csproj", "{50FB631D-22AF-4B3B-8DDE-26299A168A06}"
EndProject
Global
	GlobalSection(SolutionConfigurationPlatforms) = preSolution
		Debug|Any CPU = Debug|Any CPU
		Release|Any CPU = Release|Any CPU
		Debug|iPhoneSimulator = Debug|iPhoneSimulator
		Release|iPhone = Release|iPhone
		Release|iPhoneSimulator = Release|iPhoneSimulator
		Debug|iPhone = Debug|iPhone
	EndGlobalSection
	GlobalSection(ProjectConfigurationPlatforms) = postSolution
		{3318BEA0-F920-411F-AF54-334AA7531B0F}.Debug|Any CPU.ActiveCfg = Debug|iPhoneSimulator
		{3318BEA0-F920-411F-AF54-334AA7531B0F}.Debug|Any CPU.Build.0 = Debug|iPhoneSimulator
		{3318BEA0-F920-411F-AF54-334AA7531B0F}.Debug|iPhone.ActiveCfg = Debug|iPhone
		{3318BEA0-F920-411F-AF54-334AA7531B0F}.Debug|iPhone.Build.0 = Debug|iPhone
		{3318BEA0-F920-411F-AF54-334AA7531B0F}.Debug|iPhoneSimulator.ActiveCfg = Debug|iPhoneSimulator
		{3318BEA0-F920-411F-AF54-334AA7531B0F}.Debug|iPhoneSimulator.Build.0 = Debug|iPhoneSimulator
		{3318BEA0-F920-411F-AF54-334AA7531B0F}.Release|Any CPU.ActiveCfg = Release|iPhone
		{3318BEA0-F920-411F-AF54-334AA7531B0F}.Release|Any CPU.Build.0 = Release|iPhone
		{3318BEA0-F920-411F-AF54-334AA7531B0F}.Release|iPhone.ActiveCfg = Release|iPhone
		{3318BEA0-F920-411F-AF54-334AA7531B0F}.Release|iPhone.Build.0 = Release|iPhone
		{3318BEA0-F920-411F-AF54-334AA7531B0F}.Release|iPhoneSimulator.ActiveCfg = Release|iPhoneSimulator
		{3318BEA0-F920-411F-AF54-334AA7531B0F}.Release|iPhoneSimulator.Build.0 = Release|iPhoneSimulator
		{50FB631D-22AF-4B3B-8DDE-26299A168A06}.Debug|Any CPU.ActiveCfg = Debug|Any CPU
		{50FB631D-22AF-4B3B-8DDE-26299A168A06}.Debug|Any CPU.Build.0 = Debug|Any CPU
		{50FB631D-22AF-4B3B-8DDE-26299A168A06}.Debug|iPhone.ActiveCfg = Debug|Any CPU
		{50FB631D-22AF-4B3B-8DDE-26299A168A06}.Debug|iPhone.Build.0 = Debug|Any CPU
		{50FB631D-22AF-4B3B-8DDE-26299A168A06}.Debug|iPhoneSimulator.ActiveCfg = Debug|Any CPU
		{50FB631D-22AF-4B3B-8DDE-26299A168A06}.Debug|iPhoneSimulator.Build.0 = Debug|Any CPU
		{50FB631D-22AF-4B3B-8DDE-26299A168A06}.Release|Any CPU.ActiveCfg = Release|Any CPU
		{50FB631D-22AF-4B3B-8DDE-26299A168A06}.Release|Any CPU.Build.0 = Release|Any CPU
		{50FB631D-22AF-4B3B-8DDE-26299A168A06}.Release|iPhone.ActiveCfg = Release|Any CPU
		{50FB631D-22AF-4B3B-8DDE-26299A168A06}.Release|iPhone.Build.0 = Release|Any CPU
		{50FB631D-22AF-4B3B-8DDE-26299A168A06}.Release|iPhoneSimulator.ActiveCfg = Release|Any CPU
		{50FB631D-22AF-4B3B-8DDE-26299A168A06}.Release|iPhoneSimulator.Build.0 = Release|Any CPU
		{5AEEDD24-1739-4C8F-A99F-B66B9E0114A1}.Debug|Any CPU.ActiveCfg = Debug|Any CPU
		{5AEEDD24-1739-4C8F-A99F-B66B9E0114A1}.Debug|Any CPU.Build.0 = Debug|Any CPU
		{5AEEDD24-1739-4C8F-A99F-B66B9E0114A1}.Debug|iPhone.ActiveCfg = Debug|Any CPU
		{5AEEDD24-1739-4C8F-A99F-B66B9E0114A1}.Debug|iPhone.Build.0 = Debug|Any CPU
		{5AEEDD24-1739-4C8F-A99F-B66B9E0114A1}.Debug|iPhoneSimulator.ActiveCfg = Debug|Any CPU
		{5AEEDD24-1739-4C8F-A99F-B66B9E0114A1}.Debug|iPhoneSimulator.Build.0 = Debug|Any CPU
		{5AEEDD24-1739-4C8F-A99F-B66B9E0114A1}.Release|Any CPU.ActiveCfg = Release|Any CPU
		{5AEEDD24-1739-4C8F-A99F-B66B9E0114A1}.Release|Any CPU.Build.0 = Release|Any CPU
		{5AEEDD24-1739-4C8F-A99F-B66B9E0114A1}.Release|iPhone.ActiveCfg = Release|Any CPU
		{5AEEDD24-1739-4C8F-A99F-B66B9E0114A1}.Release|iPhone.Build.0 = Release|Any CPU
		{5AEEDD24-1739-4C8F-A99F-B66B9E0114A1}.Release|iPhoneSimulator.ActiveCfg = Release|Any CPU
		{5AEEDD24-1739-4C8F-A99F-B66B9E0114A1}.Release|iPhoneSimulator.Build.0 = Release|Any CPU
	EndGlobalSection
EndGlobal
